
Microsoft Visual Studio Solution File, Format Version 12.00
# Visual Studio Version 16
VisualStudioVersion = 16.0.30517.126
MinimumVisualStudioVersion = 10.0.40219.1
Project("{9A19103F-16F7-4668-BE54-9A1E7A4F7556}") = "TixFactory.Queue.Service", "TixFactory.Queue.Service\TixFactory.Queue.Service.csproj", "{18449DF5-EF5B-422D-A828-318B0E882B96}"
EndProject
Project("{FAE04EC0-301F-11D3-BF4B-00C04F79EFBC}") = "TixFactory.Queue", "TixFactory.Queue\TixFactory.Queue.csproj", "{1D7F124F-9ADD-4DC1-A626-8D399C2913FA}"
EndProject
Global
	GlobalSection(SolutionConfigurationPlatforms) = preSolution
		Debug|Any CPU = Debug|Any CPU
		Release|Any CPU = Release|Any CPU
	EndGlobalSection
	GlobalSection(ProjectConfigurationPlatforms) = postSolution
		{18449DF5-EF5B-422D-A828-318B0E882B96}.Debug|Any CPU.ActiveCfg = Debug|Any CPU
		{18449DF5-EF5B-422D-A828-318B0E882B96}.Debug|Any CPU.Build.0 = Debug|Any CPU
		{18449DF5-EF5B-422D-A828-318B0E882B96}.Release|Any CPU.ActiveCfg = Release|Any CPU
		{18449DF5-EF5B-422D-A828-318B0E882B96}.Release|Any CPU.Build.0 = Release|Any CPU
		{1D7F124F-9ADD-4DC1-A626-8D399C2913FA}.Debug|Any CPU.ActiveCfg = Debug|Any CPU
		{1D7F124F-9ADD-4DC1-A626-8D399C2913FA}.Debug|Any CPU.Build.0 = Debug|Any CPU
		{1D7F124F-9ADD-4DC1-A626-8D399C2913FA}.Release|Any CPU.ActiveCfg = Release|Any CPU
		{1D7F124F-9ADD-4DC1-A626-8D399C2913FA}.Release|Any CPU.Build.0 = Release|Any CPU
	EndGlobalSection
	GlobalSection(SolutionProperties) = preSolution
		HideSolutionNode = FALSE
	EndGlobalSection
	GlobalSection(ExtensibilityGlobals) = postSolution
		SolutionGuid = {ED55DEA1-30C8-428F-BC11-5F64A9CF3FA8}
	EndGlobalSection
EndGlobal
